// !$*UTF8*$!
{
	archiveVersion = 1;
	classes = {
	};
	objectVersion = 55;
	objects = {

/* Begin PBXBuildFile section */
		4E201AB42857623200BB1CFC /* EnunciadoView.swift in Sources */ = {isa = PBXBuildFile; fileRef = 4E201AB32857623200BB1CFC /* EnunciadoView.swift */; };
		4E201AB6285768B800BB1CFC /* ChallengeViewController.swift in Sources */ = {isa = PBXBuildFile; fileRef = 4E201AB5285768B800BB1CFC /* ChallengeViewController.swift */; };
		4E201AB82858A6C000BB1CFC /* AnswerView.swift in Sources */ = {isa = PBXBuildFile; fileRef = 4E201AB72858A6C000BB1CFC /* AnswerView.swift */; };
		4E912837284E33BC001BD10D /* Extensions.swift in Sources */ = {isa = PBXBuildFile; fileRef = 4E912836284E33BC001BD10D /* Extensions.swift */; };
		4FD6D4E8284E27040021F235 /* AppDelegate.swift in Sources */ = {isa = PBXBuildFile; fileRef = 4FD6D4E7284E27040021F235 /* AppDelegate.swift */; };
		4FD6D4EA284E27040021F235 /* SceneDelegate.swift in Sources */ = {isa = PBXBuildFile; fileRef = 4FD6D4E9284E27040021F235 /* SceneDelegate.swift */; };
		4FD6D4EC284E27040021F235 /* HomeViewController.swift in Sources */ = {isa = PBXBuildFile; fileRef = 4FD6D4EB284E27040021F235 /* HomeViewController.swift */; };
		4FD6D4EF284E27040021F235 /* Main.storyboard in Resources */ = {isa = PBXBuildFile; fileRef = 4FD6D4ED284E27040021F235 /* Main.storyboard */; };
		4FD6D4F1284E27050021F235 /* Assets.xcassets in Resources */ = {isa = PBXBuildFile; fileRef = 4FD6D4F0284E27050021F235 /* Assets.xcassets */; };
		4FD6D4F4284E27050021F235 /* LaunchScreen.storyboard in Resources */ = {isa = PBXBuildFile; fileRef = 4FD6D4F2284E27050021F235 /* LaunchScreen.storyboard */; };
		4FD6D4FF284E27050021F235 /* BubuTests.swift in Sources */ = {isa = PBXBuildFile; fileRef = 4FD6D4FE284E27050021F235 /* BubuTests.swift */; };
		4FD6D509284E27050021F235 /* BubuUITests.swift in Sources */ = {isa = PBXBuildFile; fileRef = 4FD6D508284E27050021F235 /* BubuUITests.swift */; };
		4FD6D50B284E27050021F235 /* BubuUITestsLaunchTests.swift in Sources */ = {isa = PBXBuildFile; fileRef = 4FD6D50A284E27050021F235 /* BubuUITestsLaunchTests.swift */; };
/* End PBXBuildFile section */

/* Begin PBXContainerItemProxy section */
		4FD6D4FB284E27050021F235 /* PBXContainerItemProxy */ = {
			isa = PBXContainerItemProxy;
			containerPortal = 4FD6D4DC284E27040021F235 /* Project object */;
			proxyType = 1;
			remoteGlobalIDString = 4FD6D4E3284E27040021F235;
			remoteInfo = Bubu;
		};
		4FD6D505284E27050021F235 /* PBXContainerItemProxy */ = {
			isa = PBXContainerItemProxy;
			containerPortal = 4FD6D4DC284E27040021F235 /* Project object */;
			proxyType = 1;
			remoteGlobalIDString = 4FD6D4E3284E27040021F235;
			remoteInfo = Bubu;
		};
/* End PBXContainerItemProxy section */

/* Begin PBXFileReference section */
		4E201AB32857623200BB1CFC /* EnunciadoView.swift */ = {isa = PBXFileReference; lastKnownFileType = sourcecode.swift; path = EnunciadoView.swift; sourceTree = "<group>"; };
		4E201AB5285768B800BB1CFC /* ChallengeViewController.swift */ = {isa = PBXFileReference; lastKnownFileType = sourcecode.swift; path = ChallengeViewController.swift; sourceTree = "<group>"; };
		4E201AB72858A6C000BB1CFC /* AnswerView.swift */ = {isa = PBXFileReference; lastKnownFileType = sourcecode.swift; path = AnswerView.swift; sourceTree = "<group>"; };
		4E912836284E33BC001BD10D /* Extensions.swift */ = {isa = PBXFileReference; lastKnownFileType = sourcecode.swift; path = Extensions.swift; sourceTree = "<group>"; };
		4FD6D4E4284E27040021F235 /* Bubu.app */ = {isa = PBXFileReference; explicitFileType = wrapper.application; includeInIndex = 0; path = Bubu.app; sourceTree = BUILT_PRODUCTS_DIR; };
		4FD6D4E7284E27040021F235 /* AppDelegate.swift */ = {isa = PBXFileReference; lastKnownFileType = sourcecode.swift; path = AppDelegate.swift; sourceTree = "<group>"; };
		4FD6D4E9284E27040021F235 /* SceneDelegate.swift */ = {isa = PBXFileReference; lastKnownFileType = sourcecode.swift; path = SceneDelegate.swift; sourceTree = "<group>"; };
		4FD6D4EB284E27040021F235 /* HomeViewController.swift */ = {isa = PBXFileReference; lastKnownFileType = sourcecode.swift; path = HomeViewController.swift; sourceTree = "<group>"; };
		4FD6D4EE284E27040021F235 /* Base */ = {isa = PBXFileReference; lastKnownFileType = file.storyboard; name = Base; path = Base.lproj/Main.storyboard; sourceTree = "<group>"; };
		4FD6D4F0284E27050021F235 /* Assets.xcassets */ = {isa = PBXFileReference; lastKnownFileType = folder.assetcatalog; path = Assets.xcassets; sourceTree = "<group>"; };
		4FD6D4F3284E27050021F235 /* Base */ = {isa = PBXFileReference; lastKnownFileType = file.storyboard; name = Base; path = Base.lproj/LaunchScreen.storyboard; sourceTree = "<group>"; };
		4FD6D4F5284E27050021F235 /* Info.plist */ = {isa = PBXFileReference; lastKnownFileType = text.plist.xml; path = Info.plist; sourceTree = "<group>"; };
		4FD6D4FA284E27050021F235 /* BubuTests.xctest */ = {isa = PBXFileReference; explicitFileType = wrapper.cfbundle; includeInIndex = 0; path = BubuTests.xctest; sourceTree = BUILT_PRODUCTS_DIR; };
		4FD6D4FE284E27050021F235 /* BubuTests.swift */ = {isa = PBXFileReference; lastKnownFileType = sourcecode.swift; path = BubuTests.swift; sourceTree = "<group>"; };
		4FD6D504284E27050021F235 /* BubuUITests.xctest */ = {isa = PBXFileReference; explicitFileType = wrapper.cfbundle; includeInIndex = 0; path = BubuUITests.xctest; sourceTree = BUILT_PRODUCTS_DIR; };
		4FD6D508284E27050021F235 /* BubuUITests.swift */ = {isa = PBXFileReference; lastKnownFileType = sourcecode.swift; path = BubuUITests.swift; sourceTree = "<group>"; };
		4FD6D50A284E27050021F235 /* BubuUITestsLaunchTests.swift */ = {isa = PBXFileReference; lastKnownFileType = sourcecode.swift; path = BubuUITestsLaunchTests.swift; sourceTree = "<group>"; };
/* End PBXFileReference section */

/* Begin PBXFrameworksBuildPhase section */
		4FD6D4E1284E27040021F235 /* Frameworks */ = {
			isa = PBXFrameworksBuildPhase;
			buildActionMask = 2147483647;
			files = (
			);
			runOnlyForDeploymentPostprocessing = 0;
		};
		4FD6D4F7284E27050021F235 /* Frameworks */ = {
			isa = PBXFrameworksBuildPhase;
			buildActionMask = 2147483647;
			files = (
			);
			runOnlyForDeploymentPostprocessing = 0;
		};
		4FD6D501284E27050021F235 /* Frameworks */ = {
			isa = PBXFrameworksBuildPhase;
			buildActionMask = 2147483647;
			files = (
			);
			runOnlyForDeploymentPostprocessing = 0;
		};
/* End PBXFrameworksBuildPhase section */

/* Begin PBXGroup section */
		4E201AB22857621000BB1CFC /* Other */ = {
			isa = PBXGroup;
			children = (
				4E201AB32857623200BB1CFC /* EnunciadoView.swift */,
				4E201AB72858A6C000BB1CFC /* AnswerView.swift */,
			);
			path = Other;
			sourceTree = "<group>";
		};
		4E91282F284E3155001BD10D /* Controller */ = {
			isa = PBXGroup;
			children = (
				4E201AB22857621000BB1CFC /* Other */,
				4E912831284E3215001BD10D /* Core */,
			);
			path = Controller;
			sourceTree = "<group>";
		};
		4E912831284E3215001BD10D /* Core */ = {
			isa = PBXGroup;
			children = (
				4FD6D4EB284E27040021F235 /* HomeViewController.swift */,
				4E201AB5285768B800BB1CFC /* ChallengeViewController.swift */,
			);
			path = Core;
			sourceTree = "<group>";
		};
		4E912832284E32B9001BD10D /* Views */ = {
			isa = PBXGroup;
			children = (
				4FD6D4ED284E27040021F235 /* Main.storyboard */,
				4FD6D4F2284E27050021F235 /* LaunchScreen.storyboard */,
			);
			path = Views;
			sourceTree = "<group>";
		};
		4E912833284E32EE001BD10D /* Models */ = {
			isa = PBXGroup;
			children = (
			);
			path = Models;
			sourceTree = "<group>";
		};
		4E912834284E3306001BD10D /* Managers */ = {
			isa = PBXGroup;
			children = (
			);
			path = Managers;
			sourceTree = "<group>";
		};
		4E912835284E3372001BD10D /* Resources */ = {
			isa = PBXGroup;
			children = (
				4FD6D4E7284E27040021F235 /* AppDelegate.swift */,
				4FD6D4E9284E27040021F235 /* SceneDelegate.swift */,
				4E912836284E33BC001BD10D /* Extensions.swift */,
			);
			path = Resources;
			sourceTree = "<group>";
		};
		4FD6D4DB284E27040021F235 = {
			isa = PBXGroup;
			children = (
				4FD6D4E6284E27040021F235 /* Bubu */,
				4FD6D4FD284E27050021F235 /* BubuTests */,
				4FD6D507284E27050021F235 /* BubuUITests */,
				4FD6D4E5284E27040021F235 /* Products */,
			);
			sourceTree = "<group>";
		};
		4FD6D4E5284E27040021F235 /* Products */ = {
			isa = PBXGroup;
			children = (
				4FD6D4E4284E27040021F235 /* Bubu.app */,
				4FD6D4FA284E27050021F235 /* BubuTests.xctest */,
				4FD6D504284E27050021F235 /* BubuUITests.xctest */,
			);
			name = Products;
			sourceTree = "<group>";
		};
		4FD6D4E6284E27040021F235 /* Bubu */ = {
			isa = PBXGroup;
			children = (
				4E912835284E3372001BD10D /* Resources */,
				4E912834284E3306001BD10D /* Managers */,
				4E912833284E32EE001BD10D /* Models */,
				4E912832284E32B9001BD10D /* Views */,
				4E91282F284E3155001BD10D /* Controller */,
				4FD6D4F0284E27050021F235 /* Assets.xcassets */,
				4FD6D4F5284E27050021F235 /* Info.plist */,
			);
			path = Bubu;
			sourceTree = "<group>";
		};
		4FD6D4FD284E27050021F235 /* BubuTests */ = {
			isa = PBXGroup;
			children = (
				4FD6D4FE284E27050021F235 /* BubuTests.swift */,
			);
			path = BubuTests;
			sourceTree = "<group>";
		};
		4FD6D507284E27050021F235 /* BubuUITests */ = {
			isa = PBXGroup;
			children = (
				4FD6D508284E27050021F235 /* BubuUITests.swift */,
				4FD6D50A284E27050021F235 /* BubuUITestsLaunchTests.swift */,
			);
			path = BubuUITests;
			sourceTree = "<group>";
		};
/* End PBXGroup section */

/* Begin PBXNativeTarget section */
		4FD6D4E3284E27040021F235 /* Bubu */ = {
			isa = PBXNativeTarget;
			buildConfigurationList = 4FD6D50E284E27050021F235 /* Build configuration list for PBXNativeTarget "Bubu" */;
			buildPhases = (
				4EA8CA5E284E65D300A5C6D5 /* Run SwiftLint */,
				4FD6D4E0284E27040021F235 /* Sources */,
				4FD6D4E1284E27040021F235 /* Frameworks */,
				4FD6D4E2284E27040021F235 /* Resources */,
			);
			buildRules = (
			);
			dependencies = (
			);
			name = Bubu;
			productName = Bubu;
			productReference = 4FD6D4E4284E27040021F235 /* Bubu.app */;
			productType = "com.apple.product-type.application";
		};
		4FD6D4F9284E27050021F235 /* BubuTests */ = {
			isa = PBXNativeTarget;
			buildConfigurationList = 4FD6D511284E27050021F235 /* Build configuration list for PBXNativeTarget "BubuTests" */;
			buildPhases = (
				4FD6D4F6284E27050021F235 /* Sources */,
				4FD6D4F7284E27050021F235 /* Frameworks */,
				4FD6D4F8284E27050021F235 /* Resources */,
			);
			buildRules = (
			);
			dependencies = (
				4FD6D4FC284E27050021F235 /* PBXTargetDependency */,
			);
			name = BubuTests;
			productName = BubuTests;
			productReference = 4FD6D4FA284E27050021F235 /* BubuTests.xctest */;
			productType = "com.apple.product-type.bundle.unit-test";
		};
		4FD6D503284E27050021F235 /* BubuUITests */ = {
			isa = PBXNativeTarget;
			buildConfigurationList = 4FD6D514284E27050021F235 /* Build configuration list for PBXNativeTarget "BubuUITests" */;
			buildPhases = (
				4FD6D500284E27050021F235 /* Sources */,
				4FD6D501284E27050021F235 /* Frameworks */,
				4FD6D502284E27050021F235 /* Resources */,
			);
			buildRules = (
			);
			dependencies = (
				4FD6D506284E27050021F235 /* PBXTargetDependency */,
			);
			name = BubuUITests;
			productName = BubuUITests;
			productReference = 4FD6D504284E27050021F235 /* BubuUITests.xctest */;
			productType = "com.apple.product-type.bundle.ui-testing";
		};
/* End PBXNativeTarget section */

/* Begin PBXProject section */
		4FD6D4DC284E27040021F235 /* Project object */ = {
			isa = PBXProject;
			attributes = {
				BuildIndependentTargetsInParallel = 1;
				LastSwiftUpdateCheck = 1330;
				LastUpgradeCheck = 1330;
				TargetAttributes = {
					4FD6D4E3284E27040021F235 = {
						CreatedOnToolsVersion = 13.3;
					};
					4FD6D4F9284E27050021F235 = {
						CreatedOnToolsVersion = 13.3;
						TestTargetID = 4FD6D4E3284E27040021F235;
					};
					4FD6D503284E27050021F235 = {
						CreatedOnToolsVersion = 13.3;
						TestTargetID = 4FD6D4E3284E27040021F235;
					};
				};
			};
			buildConfigurationList = 4FD6D4DF284E27040021F235 /* Build configuration list for PBXProject "Bubu" */;
			compatibilityVersion = "Xcode 13.0";
			developmentRegion = en;
			hasScannedForEncodings = 0;
			knownRegions = (
				en,
				Base,
			);
			mainGroup = 4FD6D4DB284E27040021F235;
			productRefGroup = 4FD6D4E5284E27040021F235 /* Products */;
			projectDirPath = "";
			projectRoot = "";
			targets = (
				4FD6D4E3284E27040021F235 /* Bubu */,
				4FD6D4F9284E27050021F235 /* BubuTests */,
				4FD6D503284E27050021F235 /* BubuUITests */,
			);
		};
/* End PBXProject section */

/* Begin PBXResourcesBuildPhase section */
		4FD6D4E2284E27040021F235 /* Resources */ = {
			isa = PBXResourcesBuildPhase;
			buildActionMask = 2147483647;
			files = (
				4FD6D4F4284E27050021F235 /* LaunchScreen.storyboard in Resources */,
				4FD6D4F1284E27050021F235 /* Assets.xcassets in Resources */,
				4FD6D4EF284E27040021F235 /* Main.storyboard in Resources */,
			);
			runOnlyForDeploymentPostprocessing = 0;
		};
		4FD6D4F8284E27050021F235 /* Resources */ = {
			isa = PBXResourcesBuildPhase;
			buildActionMask = 2147483647;
			files = (
			);
			runOnlyForDeploymentPostprocessing = 0;
		};
		4FD6D502284E27050021F235 /* Resources */ = {
			isa = PBXResourcesBuildPhase;
			buildActionMask = 2147483647;
			files = (
			);
			runOnlyForDeploymentPostprocessing = 0;
		};
/* End PBXResourcesBuildPhase section */

/* Begin PBXShellScriptBuildPhase section */
		4EA8CA5E284E65D300A5C6D5 /* Run SwiftLint */ = {
			isa = PBXShellScriptBuildPhase;
			buildActionMask = 2147483647;
			files = (
			);
			inputFileListPaths = (
			);
			inputPaths = (
			);
			name = "Run SwiftLint";
			outputFileListPaths = (
			);
			outputPaths = (
			);
			runOnlyForDeploymentPostprocessing = 0;
			shellPath = /bin/sh;
			shellScript = "export PATH=\"$PATH:/opt/homebrew/bin\"\nif which swiftlint > /dev/null; then\n  swiftlint\nelse\n  echo \"warning: SwiftLint not installed, download from https://github.com/realm/SwiftLint\"\nfi\n";
		};
/* End PBXShellScriptBuildPhase section */

/* Begin PBXSourcesBuildPhase section */
		4FD6D4E0284E27040021F235 /* Sources */ = {
			isa = PBXSourcesBuildPhase;
			buildActionMask = 2147483647;
			files = (
				4FD6D4EC284E27040021F235 /* HomeViewController.swift in Sources */,
				4FD6D4E8284E27040021F235 /* AppDelegate.swift in Sources */,
				4E201AB82858A6C000BB1CFC /* AnswerView.swift in Sources */,
				4E201AB42857623200BB1CFC /* EnunciadoView.swift in Sources */,
				4FD6D4EA284E27040021F235 /* SceneDelegate.swift in Sources */,
				4E201AB6285768B800BB1CFC /* ChallengeViewController.swift in Sources */,
				4E912837284E33BC001BD10D /* Extensions.swift in Sources */,
			);
			runOnlyForDeploymentPostprocessing = 0;
		};
		4FD6D4F6284E27050021F235 /* Sources */ = {
			isa = PBXSourcesBuildPhase;
			buildActionMask = 2147483647;
			files = (
				4FD6D4FF284E27050021F235 /* BubuTests.swift in Sources */,
			);
			runOnlyForDeploymentPostprocessing = 0;
		};
		4FD6D500284E27050021F235 /* Sources */ = {
			isa = PBXSourcesBuildPhase;
			buildActionMask = 2147483647;
			files = (
				4FD6D50B284E27050021F235 /* BubuUITestsLaunchTests.swift in Sources */,
				4FD6D509284E27050021F235 /* BubuUITests.swift in Sources */,
			);
			runOnlyForDeploymentPostprocessing = 0;
		};
/* End PBXSourcesBuildPhase section */

/* Begin PBXTargetDependency section */
		4FD6D4FC284E27050021F235 /* PBXTargetDependency */ = {
			isa = PBXTargetDependency;
			target = 4FD6D4E3284E27040021F235 /* Bubu */;
			targetProxy = 4FD6D4FB284E27050021F235 /* PBXContainerItemProxy */;
		};
		4FD6D506284E27050021F235 /* PBXTargetDependency */ = {
			isa = PBXTargetDependency;
			target = 4FD6D4E3284E27040021F235 /* Bubu */;
			targetProxy = 4FD6D505284E27050021F235 /* PBXContainerItemProxy */;
		};
/* End PBXTargetDependency section */

/* Begin PBXVariantGroup section */
		4FD6D4ED284E27040021F235 /* Main.storyboard */ = {
			isa = PBXVariantGroup;
			children = (
				4FD6D4EE284E27040021F235 /* Base */,
			);
			name = Main.storyboard;
			sourceTree = "<group>";
		};
		4FD6D4F2284E27050021F235 /* LaunchScreen.storyboard */ = {
			isa = PBXVariantGroup;
			children = (
				4FD6D4F3284E27050021F235 /* Base */,
			);
			name = LaunchScreen.storyboard;
			sourceTree = "<group>";
		};
/* End PBXVariantGroup section */

/* Begin XCBuildConfiguration section */
		4FD6D50C284E27050021F235 /* Debug */ = {
			isa = XCBuildConfiguration;
			buildSettings = {
				ALWAYS_SEARCH_USER_PATHS = NO;
				CLANG_ANALYZER_NONNULL = YES;
				CLANG_ANALYZER_NUMBER_OBJECT_CONVERSION = YES_AGGRESSIVE;
				CLANG_CXX_LANGUAGE_STANDARD = "gnu++17";
				CLANG_ENABLE_MODULES = YES;
				CLANG_ENABLE_OBJC_ARC = YES;
				CLANG_ENABLE_OBJC_WEAK = YES;
				CLANG_WARN_BLOCK_CAPTURE_AUTORELEASING = YES;
				CLANG_WARN_BOOL_CONVERSION = YES;
				CLANG_WARN_COMMA = YES;
				CLANG_WARN_CONSTANT_CONVERSION = YES;
				CLANG_WARN_DEPRECATED_OBJC_IMPLEMENTATIONS = YES;
				CLANG_WARN_DIRECT_OBJC_ISA_USAGE = YES_ERROR;
				CLANG_WARN_DOCUMENTATION_COMMENTS = YES;
				CLANG_WARN_EMPTY_BODY = YES;
				CLANG_WARN_ENUM_CONVERSION = YES;
				CLANG_WARN_INFINITE_RECURSION = YES;
				CLANG_WARN_INT_CONVERSION = YES;
				CLANG_WARN_NON_LITERAL_NULL_CONVERSION = YES;
				CLANG_WARN_OBJC_IMPLICIT_RETAIN_SELF = YES;
				CLANG_WARN_OBJC_LITERAL_CONVERSION = YES;
				CLANG_WARN_OBJC_ROOT_CLASS = YES_ERROR;
				CLANG_WARN_QUOTED_INCLUDE_IN_FRAMEWORK_HEADER = YES;
				CLANG_WARN_RANGE_LOOP_ANALYSIS = YES;
				CLANG_WARN_STRICT_PROTOTYPES = YES;
				CLANG_WARN_SUSPICIOUS_MOVE = YES;
				CLANG_WARN_UNGUARDED_AVAILABILITY = YES_AGGRESSIVE;
				CLANG_WARN_UNREACHABLE_CODE = YES;
				CLANG_WARN__DUPLICATE_METHOD_MATCH = YES;
				COPY_PHASE_STRIP = NO;
				DEBUG_INFORMATION_FORMAT = dwarf;
				ENABLE_STRICT_OBJC_MSGSEND = YES;
				ENABLE_TESTABILITY = YES;
				GCC_C_LANGUAGE_STANDARD = gnu11;
				GCC_DYNAMIC_NO_PIC = NO;
				GCC_NO_COMMON_BLOCKS = YES;
				GCC_OPTIMIZATION_LEVEL = 0;
				GCC_PREPROCESSOR_DEFINITIONS = (
					"DEBUG=1",
					"$(inherited)",
				);
				GCC_WARN_64_TO_32_BIT_CONVERSION = YES;
				GCC_WARN_ABOUT_RETURN_TYPE = YES_ERROR;
				GCC_WARN_UNDECLARED_SELECTOR = YES;
				GCC_WARN_UNINITIALIZED_AUTOS = YES_AGGRESSIVE;
				GCC_WARN_UNUSED_FUNCTION = YES;
				GCC_WARN_UNUSED_VARIABLE = YES;
				IPHONEOS_DEPLOYMENT_TARGET = 15.4;
				MTL_ENABLE_DEBUG_INFO = INCLUDE_SOURCE;
				MTL_FAST_MATH = YES;
				ONLY_ACTIVE_ARCH = YES;
				SDKROOT = iphoneos;
				SWIFT_ACTIVE_COMPILATION_CONDITIONS = DEBUG;
				SWIFT_OPTIMIZATION_LEVEL = "-Onone";
			};
			name = Debug;
		};
		4FD6D50D284E27050021F235 /* Release */ = {
			isa = XCBuildConfiguration;
			buildSettings = {
				ALWAYS_SEARCH_USER_PATHS = NO;
				CLANG_ANALYZER_NONNULL = YES;
				CLANG_ANALYZER_NUMBER_OBJECT_CONVERSION = YES_AGGRESSIVE;
				CLANG_CXX_LANGUAGE_STANDARD = "gnu++17";
				CLANG_ENABLE_MODULES = YES;
				CLANG_ENABLE_OBJC_ARC = YES;
				CLANG_ENABLE_OBJC_WEAK = YES;
				CLANG_WARN_BLOCK_CAPTURE_AUTORELEASING = YES;
				CLANG_WARN_BOOL_CONVERSION = YES;
				CLANG_WARN_COMMA = YES;
				CLANG_WARN_CONSTANT_CONVERSION = YES;
				CLANG_WARN_DEPRECATED_OBJC_IMPLEMENTATIONS = YES;
				CLANG_WARN_DIRECT_OBJC_ISA_USAGE = YES_ERROR;
				CLANG_WARN_DOCUMENTATION_COMMENTS = YES;
				CLANG_WARN_EMPTY_BODY = YES;
				CLANG_WARN_ENUM_CONVERSION = YES;
				CLANG_WARN_INFINITE_RECURSION = YES;
				CLANG_WARN_INT_CONVERSION = YES;
				CLANG_WARN_NON_LITERAL_NULL_CONVERSION = YES;
				CLANG_WARN_OBJC_IMPLICIT_RETAIN_SELF = YES;
				CLANG_WARN_OBJC_LITERAL_CONVERSION = YES;
				CLANG_WARN_OBJC_ROOT_CLASS = YES_ERROR;
				CLANG_WARN_QUOTED_INCLUDE_IN_FRAMEWORK_HEADER = YES;
				CLANG_WARN_RANGE_LOOP_ANALYSIS = YES;
				CLANG_WARN_STRICT_PROTOTYPES = YES;
				CLANG_WARN_SUSPICIOUS_MOVE = YES;
				CLANG_WARN_UNGUARDED_AVAILABILITY = YES_AGGRESSIVE;
				CLANG_WARN_UNREACHABLE_CODE = YES;
				CLANG_WARN__DUPLICATE_METHOD_MATCH = YES;
				COPY_PHASE_STRIP = NO;
				DEBUG_INFORMATION_FORMAT = "dwarf-with-dsym";
				ENABLE_NS_ASSERTIONS = NO;
				ENABLE_STRICT_OBJC_MSGSEND = YES;
				GCC_C_LANGUAGE_STANDARD = gnu11;
				GCC_NO_COMMON_BLOCKS = YES;
				GCC_WARN_64_TO_32_BIT_CONVERSION = YES;
				GCC_WARN_ABOUT_RETURN_TYPE = YES_ERROR;
				GCC_WARN_UNDECLARED_SELECTOR = YES;
				GCC_WARN_UNINITIALIZED_AUTOS = YES_AGGRESSIVE;
				GCC_WARN_UNUSED_FUNCTION = YES;
				GCC_WARN_UNUSED_VARIABLE = YES;
				IPHONEOS_DEPLOYMENT_TARGET = 15.4;
				MTL_ENABLE_DEBUG_INFO = NO;
				MTL_FAST_MATH = YES;
				SDKROOT = iphoneos;
				SWIFT_COMPILATION_MODE = wholemodule;
				SWIFT_OPTIMIZATION_LEVEL = "-O";
				VALIDATE_PRODUCT = YES;
			};
			name = Release;
		};
		4FD6D50F284E27050021F235 /* Debug */ = {
			isa = XCBuildConfiguration;
			buildSettings = {
				ASSETCATALOG_COMPILER_APPICON_NAME = AppIcon;
				ASSETCATALOG_COMPILER_GLOBAL_ACCENT_COLOR_NAME = AccentColor;
				CODE_SIGN_STYLE = Automatic;
				CURRENT_PROJECT_VERSION = 1;
				DEVELOPMENT_TEAM = V7GM8G5V55;
				GENERATE_INFOPLIST_FILE = YES;
				INFOPLIST_FILE = Bubu/Info.plist;
				INFOPLIST_KEY_UIApplicationSupportsIndirectInputEvents = YES;
				INFOPLIST_KEY_UILaunchStoryboardName = LaunchScreen;
				INFOPLIST_KEY_UIMainStoryboardFile = Main;
				INFOPLIST_KEY_UIStatusBarHidden = NO;
				INFOPLIST_KEY_UISupportedInterfaceOrientations_iPad = "UIInterfaceOrientationPortrait UIInterfaceOrientationPortraitUpsideDown UIInterfaceOrientationLandscapeLeft UIInterfaceOrientationLandscapeRight";
				INFOPLIST_KEY_UISupportedInterfaceOrientations_iPhone = "UIInterfaceOrientationPortrait UIInterfaceOrientationLandscapeLeft UIInterfaceOrientationLandscapeRight";
				LD_RUNPATH_SEARCH_PATHS = (
					"$(inherited)",
					"@executable_path/Frameworks",
				);
				MARKETING_VERSION = 1.0;
				PRODUCT_BUNDLE_IDENTIFIER = progamming.Bubu;
				PRODUCT_NAME = "$(TARGET_NAME)";
				SWIFT_EMIT_LOC_STRINGS = YES;
				SWIFT_VERSION = 5.0;
				TARGETED_DEVICE_FAMILY = "1,2";
			};
			name = Debug;
		};
		4FD6D510284E27050021F235 /* Release */ = {
			isa = XCBuildConfiguration;
			buildSettings = {
				ASSETCATALOG_COMPILER_APPICON_NAME = AppIcon;
				ASSETCATALOG_COMPILER_GLOBAL_ACCENT_COLOR_NAME = AccentColor;
				CODE_SIGN_STYLE = Automatic;
				CURRENT_PROJECT_VERSION = 1;
				DEVELOPMENT_TEAM = V7GM8G5V55;
				GENERATE_INFOPLIST_FILE = YES;
				INFOPLIST_FILE = Bubu/Info.plist;
				INFOPLIST_KEY_UIApplicationSupportsIndirectInputEvents = YES;
				INFOPLIST_KEY_UILaunchStoryboardName = LaunchScreen;
				INFOPLIST_KEY_UIMainStoryboardFile = Main;
				INFOPLIST_KEY_UIStatusBarHidden = NO;
				INFOPLIST_KEY_UISupportedInterfaceOrientations_iPad = "UIInterfaceOrientationPortrait UIInterfaceOrientationPortraitUpsideDown UIInterfaceOrientationLandscapeLeft UIInterfaceOrientationLandscapeRight";
				INFOPLIST_KEY_UISupportedInterfaceOrientations_iPhone = "UIInterfaceOrientationPortrait UIInterfaceOrientationLandscapeLeft UIInterfaceOrientationLandscapeRight";
				LD_RUNPATH_SEARCH_PATHS = (
					"$(inherited)",
					"@executable_path/Frameworks",
				);
				MARKETING_VERSION = 1.0;
				PRODUCT_BUNDLE_IDENTIFIER = progamming.Bubu;
				PRODUCT_NAME = "$(TARGET_NAME)";
				SWIFT_EMIT_LOC_STRINGS = YES;
				SWIFT_VERSION = 5.0;
				TARGETED_DEVICE_FAMILY = "1,2";
			};
			name = Release;
		};
		4FD6D512284E27050021F235 /* Debug */ = {
			isa = XCBuildConfiguration;
			buildSettings = {
				ALWAYS_EMBED_SWIFT_STANDARD_LIBRARIES = YES;
				BUNDLE_LOADER = "$(TEST_HOST)";
				CODE_SIGN_STYLE = Automatic;
				CURRENT_PROJECT_VERSION = 1;
				DEVELOPMENT_TEAM = PPSYB39C6H;
				GENERATE_INFOPLIST_FILE = YES;
				IPHONEOS_DEPLOYMENT_TARGET = 15.4;
				MARKETING_VERSION = 1.0;
				PRODUCT_BUNDLE_IDENTIFIER = progamming.BubuTests;
				PRODUCT_NAME = "$(TARGET_NAME)";
				SWIFT_EMIT_LOC_STRINGS = NO;
				SWIFT_VERSION = 5.0;
				TARGETED_DEVICE_FAMILY = "1,2";
				TEST_HOST = "$(BUILT_PRODUCTS_DIR)/Bubu.app/Bubu";
			};
			name = Debug;
		};
		4FD6D513284E27050021F235 /* Release */ = {
			isa = XCBuildConfiguration;
			buildSettings = {
				ALWAYS_EMBED_SWIFT_STANDARD_LIBRARIES = YES;
				BUNDLE_LOADER = "$(TEST_HOST)";
				CODE_SIGN_STYLE = Automatic;
				CURRENT_PROJECT_VERSION = 1;
				DEVELOPMENT_TEAM = PPSYB39C6H;
				GENERATE_INFOPLIST_FILE = YES;
				IPHONEOS_DEPLOYMENT_TARGET = 15.4;
				MARKETING_VERSION = 1.0;
				PRODUCT_BUNDLE_IDENTIFIER = progamming.BubuTests;
				PRODUCT_NAME = "$(TARGET_NAME)";
				SWIFT_EMIT_LOC_STRINGS = NO;
				SWIFT_VERSION = 5.0;
				TARGETED_DEVICE_FAMILY = "1,2";
				TEST_HOST = "$(BUILT_PRODUCTS_DIR)/Bubu.app/Bubu";
			};
			name = Release;
		};
		4FD6D515284E27050021F235 /* Debug */ = {
			isa = XCBuildConfiguration;
			buildSettings = {
				ALWAYS_EMBED_SWIFT_STANDARD_LIBRARIES = YES;
				CODE_SIGN_STYLE = Automatic;
				CURRENT_PROJECT_VERSION = 1;
				DEVELOPMENT_TEAM = PPSYB39C6H;
				GENERATE_INFOPLIST_FILE = YES;
				MARKETING_VERSION = 1.0;
				PRODUCT_BUNDLE_IDENTIFIER = progamming.BubuUITests;
				PRODUCT_NAME = "$(TARGET_NAME)";
				SWIFT_EMIT_LOC_STRINGS = NO;
				SWIFT_VERSION = 5.0;
				TARGETED_DEVICE_FAMILY = "1,2";
				TEST_TARGET_NAME = Bubu;
			};
			name = Debug;
		};
		4FD6D516284E27050021F235 /* Release */ = {
			isa = XCBuildConfiguration;
			buildSettings = {
				ALWAYS_EMBED_SWIFT_STANDARD_LIBRARIES = YES;
				CODE_SIGN_STYLE = Automatic;
				CURRENT_PROJECT_VERSION = 1;
				DEVELOPMENT_TEAM = PPSYB39C6H;
				GENERATE_INFOPLIST_FILE = YES;
				MARKETING_VERSION = 1.0;
				PRODUCT_BUNDLE_IDENTIFIER = progamming.BubuUITests;
				PRODUCT_NAME = "$(TARGET_NAME)";
				SWIFT_EMIT_LOC_STRINGS = NO;
				SWIFT_VERSION = 5.0;
				TARGETED_DEVICE_FAMILY = "1,2";
				TEST_TARGET_NAME = Bubu;
			};
			name = Release;
		};
/* End XCBuildConfiguration section */

/* Begin XCConfigurationList section */
		4FD6D4DF284E27040021F235 /* Build configuration list for PBXProject "Bubu" */ = {
			isa = XCConfigurationList;
			buildConfigurations = (
				4FD6D50C284E27050021F235 /* Debug */,
				4FD6D50D284E27050021F235 /* Release */,
			);
			defaultConfigurationIsVisible = 0;
			defaultConfigurationName = Release;
		};
		4FD6D50E284E27050021F235 /* Build configuration list for PBXNativeTarget "Bubu" */ = {
			isa = XCConfigurationList;
			buildConfigurations = (
				4FD6D50F284E27050021F235 /* Debug */,
				4FD6D510284E27050021F235 /* Release */,
			);
			defaultConfigurationIsVisible = 0;
			defaultConfigurationName = Release;
		};
		4FD6D511284E27050021F235 /* Build configuration list for PBXNativeTarget "BubuTests" */ = {
			isa = XCConfigurationList;
			buildConfigurations = (
				4FD6D512284E27050021F235 /* Debug */,
				4FD6D513284E27050021F235 /* Release */,
			);
			defaultConfigurationIsVisible = 0;
			defaultConfigurationName = Release;
		};
		4FD6D514284E27050021F235 /* Build configuration list for PBXNativeTarget "BubuUITests" */ = {
			isa = XCConfigurationList;
			buildConfigurations = (
				4FD6D515284E27050021F235 /* Debug */,
				4FD6D516284E27050021F235 /* Release */,
			);
			defaultConfigurationIsVisible = 0;
			defaultConfigurationName = Release;
		};
/* End XCConfigurationList section */
	};
	rootObject = 4FD6D4DC284E27040021F235 /* Project object */;
}
